# This file is automatically @generated by Cargo.
# It is not intended for manual editing.
version = 4

[[package]]
name = "editor-config"
version = "0.1.0"

[[package]]
name = "editor-core"
version = "0.1.0"

[[package]]
name = "editor-corpus"
version = "0.1.0"

[[package]]
name = "editor-desktop"
version = "0.1.0"

[[package]]
name = "editor-export"
version = "0.1.0"

[[package]]
name = "editor-ffi"
version = "0.1.0"

[[package]]
name = "editor-math"
version = "0.1.0"

[[package]]
name = "editor-mcp"
version = "0.1.0"

[[package]]
name = "editor-migrate"
version = "0.1.0"

[[package]]
name = "editor-plugins"
version = "0.1.0"

[[package]]
name = "editor-prose"
version = "0.1.0"

[[package]]
name = "editor-search"
version = "0.1.0"

[[package]]
name = "editor-snippets"
version = "0.1.0"

[[package]]
name = "editor-sync"
version = "0.1.0"
